
Microsoft Visual Studio Solution File, Format Version 12.00
# Visual Studio Version 17
VisualStudioVersion = 17.0.31903.59
MinimumVisualStudioVersion = 10.0.40219.1
Project("{FAE04EC0-301F-11D3-BF4B-00C04F79EFBC}") = "ncp2209_lab1cs", "ncp2209_lab1cs\ncp2209_lab1cs.csproj", "{6AD25D2C-0796-47ED-9146-4967D6EA4F59}"
EndProject
Project("{FAE04EC0-301F-11D3-BF4B-00C04F79EFBC}") = "lab3", "..\..\lab3\lab3.csproj", "{89F9129C-7EF0-45DD-AB9E-87948206842E}"
EndProject
Global
	GlobalSection(SolutionConfigurationPlatforms) = preSolution
		Debug|Any CPU = Debug|Any CPU
		Release|Any CPU = Release|Any CPU
	EndGlobalSection
	GlobalSection(SolutionProperties) = preSolution
		HideSolutionNode = FALSE
	EndGlobalSection
	GlobalSection(ProjectConfigurationPlatforms) = postSolution
		{6AD25D2C-0796-47ED-9146-4967D6EA4F59}.Debug|Any CPU.ActiveCfg = Debug|Any CPU
		{6AD25D2C-0796-47ED-9146-4967D6EA4F59}.Debug|Any CPU.Build.0 = Debug|Any CPU
		{6AD25D2C-0796-47ED-9146-4967D6EA4F59}.Release|Any CPU.ActiveCfg = Release|Any CPU
		{6AD25D2C-0796-47ED-9146-4967D6EA4F59}.Release|Any CPU.Build.0 = Release|Any CPU
		{89F9129C-7EF0-45DD-AB9E-87948206842E}.Debug|Any CPU.ActiveCfg = Debug|Any CPU
		{89F9129C-7EF0-45DD-AB9E-87948206842E}.Debug|Any CPU.Build.0 = Debug|Any CPU
		{89F9129C-7EF0-45DD-AB9E-87948206842E}.Release|Any CPU.ActiveCfg = Release|Any CPU
		{89F9129C-7EF0-45DD-AB9E-87948206842E}.Release|Any CPU.Build.0 = Release|Any CPU
	EndGlobalSection
EndGlobal
