
Microsoft Visual Studio Solution File, Format Version 12.00
# Visual Studio Version 17
VisualStudioVersion = 17.5.002.0
MinimumVisualStudioVersion = 10.0.40219.1
Project("{9A19103F-16F7-4668-BE54-9A1E7A4F7556}") = "lab3", "lab3.csproj", "{3697455E-51DD-4799-A50B-63AEE8259FDE}"
EndProject
Global
	GlobalSection(SolutionConfigurationPlatforms) = preSolution
		Debug|Any CPU = Debug|Any CPU
		Release|Any CPU = Release|Any CPU
	EndGlobalSection
	GlobalSection(ProjectConfigurationPlatforms) = postSolution
		{3697455E-51DD-4799-A50B-63AEE8259FDE}.Debug|Any CPU.ActiveCfg = Debug|Any CPU
		{3697455E-51DD-4799-A50B-63AEE8259FDE}.Debug|Any CPU.Build.0 = Debug|Any CPU
		{3697455E-51DD-4799-A50B-63AEE8259FDE}.Release|Any CPU.ActiveCfg = Release|Any CPU
		{3697455E-51DD-4799-A50B-63AEE8259FDE}.Release|Any CPU.Build.0 = Release|Any CPU
	EndGlobalSection
	GlobalSection(SolutionProperties) = preSolution
		HideSolutionNode = FALSE
	EndGlobalSection
	GlobalSection(ExtensibilityGlobals) = postSolution
		SolutionGuid = {9A246651-EFD4-4FC1-AF6F-7C20A5CE0075}
	EndGlobalSection
EndGlobal
